// !$*UTF8*$!
{
	archiveVersion = 1;
	classes = {
	};
	objectVersion = 50;
	objects = {

/* Begin PBXBuildFile section */
		5829820024E621D400A53482 /* BloodpressDevice+CoreDataClass.swift in Sources */ = {isa = PBXBuildFile; fileRef = 582981FE24E621D400A53482 /* BloodpressDevice+CoreDataClass.swift */; };
		5829820124E621D400A53482 /* BloodpressDevice+CoreDataProperties.swift in Sources */ = {isa = PBXBuildFile; fileRef = 582981FF24E621D400A53482 /* BloodpressDevice+CoreDataProperties.swift */; };
		5854099B24E3A5C000DFC6D7 /* Definition.swift in Sources */ = {isa = PBXBuildFile; fileRef = 5854099A24E3A5C000DFC6D7 /* Definition.swift */; };
		585409A024E3DC2C00DFC6D7 /* BloodPressManager.swift in Sources */ = {isa = PBXBuildFile; fileRef = 5854099F24E3DC2C00DFC6D7 /* BloodPressManager.swift */; };
		58AF0CA824E4FE2F0062DB88 /* smartcarecom.xcdatamodeld in Sources */ = {isa = PBXBuildFile; fileRef = 58AF0CA624E4FE2F0062DB88 /* smartcarecom.xcdatamodeld */; };
		58AF0CB324E51FB50062DB88 /* DataController.swift in Sources */ = {isa = PBXBuildFile; fileRef = 58AF0CB224E51FB50062DB88 /* DataController.swift */; };
		58B5602324D78C4A006FA022 /* SmartCareCom.swift in Sources */ = {isa = PBXBuildFile; fileRef = 58B5602224D78C4A006FA022 /* SmartCareCom.swift */; };
		58CD2B3224D3ECE600072E2A /* SmartCareCom.h in Headers */ = {isa = PBXBuildFile; fileRef = 58CD2B3024D3ECE600072E2A /* SmartCareCom.h */; settings = {ATTRIBUTES = (Public, ); }; };
/* End PBXBuildFile section */

/* Begin PBXContainerItemProxy section */
		58780BBD2506340F004E22BD /* PBXContainerItemProxy */ = {
			isa = PBXContainerItemProxy;
			containerPortal = 58780BB92506340E004E22BD /* andbp.xcodeproj */;
			proxyType = 2;
			remoteGlobalIDString = 58780BAE2506340E004E22BD;
			remoteInfo = andbp;
		};
		58CD2B5B24D3EDA100072E2A /* PBXContainerItemProxy */ = {
			isa = PBXContainerItemProxy;
			containerPortal = 58CD2B5724D3ED9F00072E2A /* Hubidic.xcodeproj */;
			proxyType = 2;
			remoteGlobalIDString = 58CD2B4C24D3ED9F00072E2A;
			remoteInfo = Hubidic;
		};
		58CD2B5D24D3EDB600072E2A /* PBXContainerItemProxy */ = {
			isa = PBXContainerItemProxy;
			containerPortal = 58CD2B5724D3ED9F00072E2A /* Hubidic.xcodeproj */;
			proxyType = 1;
			remoteGlobalIDString = 58CD2B4B24D3ED9F00072E2A;
			remoteInfo = Hubidic;
		};
/* End PBXContainerItemProxy section */

/* Begin PBXFileReference section */
		582981FE24E621D400A53482 /* BloodpressDevice+CoreDataClass.swift */ = {isa = PBXFileReference; lastKnownFileType = sourcecode.swift; name = "BloodpressDevice+CoreDataClass.swift"; path = "SmartCareCom/BloodPressManager/BloodpressDevice+CoreDataClass.swift"; sourceTree = "<group>"; };
		582981FF24E621D400A53482 /* BloodpressDevice+CoreDataProperties.swift */ = {isa = PBXFileReference; lastKnownFileType = sourcecode.swift; name = "BloodpressDevice+CoreDataProperties.swift"; path = "SmartCareCom/BloodPressManager/BloodpressDevice+CoreDataProperties.swift"; sourceTree = "<group>"; };
		5854099A24E3A5C000DFC6D7 /* Definition.swift */ = {isa = PBXFileReference; lastKnownFileType = sourcecode.swift; path = Definition.swift; sourceTree = "<group>"; };
		5854099F24E3DC2C00DFC6D7 /* BloodPressManager.swift */ = {isa = PBXFileReference; lastKnownFileType = sourcecode.swift; path = BloodPressManager.swift; sourceTree = "<group>"; };
		58780BB92506340E004E22BD /* andbp.xcodeproj */ = {isa = PBXFileReference; lastKnownFileType = "wrapper.pb-project"; name = andbp.xcodeproj; path = andbp/andbp.xcodeproj; sourceTree = "<group>"; };
		58AF0CA724E4FE2F0062DB88 /* bloodpressDevice.xcdatamodel */ = {isa = PBXFileReference; lastKnownFileType = wrapper.xcdatamodel; path = bloodpressDevice.xcdatamodel; sourceTree = "<group>"; };
		58AF0CB224E51FB50062DB88 /* DataController.swift */ = {isa = PBXFileReference; lastKnownFileType = sourcecode.swift; path = DataController.swift; sourceTree = "<group>"; };
		58B5602224D78C4A006FA022 /* SmartCareCom.swift */ = {isa = PBXFileReference; lastKnownFileType = sourcecode.swift; path = SmartCareCom.swift; sourceTree = "<group>"; };
		58CD2B2D24D3ECE600072E2A /* SmartCareCom.framework */ = {isa = PBXFileReference; explicitFileType = wrapper.framework; includeInIndex = 0; path = SmartCareCom.framework; sourceTree = BUILT_PRODUCTS_DIR; };
		58CD2B3024D3ECE600072E2A /* SmartCareCom.h */ = {isa = PBXFileReference; lastKnownFileType = sourcecode.c.h; path = SmartCareCom.h; sourceTree = "<group>"; };
		58CD2B3124D3ECE600072E2A /* Info.plist */ = {isa = PBXFileReference; lastKnownFileType = text.plist.xml; path = Info.plist; sourceTree = "<group>"; };
		58CD2B5724D3ED9F00072E2A /* Hubidic.xcodeproj */ = {isa = PBXFileReference; lastKnownFileType = "wrapper.pb-project"; name = Hubidic.xcodeproj; path = Hubidic/Hubidic.xcodeproj; sourceTree = "<group>"; };
/* End PBXFileReference section */

/* Begin PBXFrameworksBuildPhase section */
		58CD2B2A24D3ECE600072E2A /* Frameworks */ = {
			isa = PBXFrameworksBuildPhase;
			buildActionMask = 2147483647;
			files = (
			);
			runOnlyForDeploymentPostprocessing = 0;
		};
/* End PBXFrameworksBuildPhase section */

/* Begin PBXGroup section */
		5854099924E3A5AF00DFC6D7 /* Class */ = {
			isa = PBXGroup;
			children = (
				5854099A24E3A5C000DFC6D7 /* Definition.swift */,
			);
			path = Class;
			sourceTree = "<group>";
		};
		5854099C24E3D31800DFC6D7 /* BloodPressManager */ = {
			isa = PBXGroup;
			children = (
				5854099F24E3DC2C00DFC6D7 /* BloodPressManager.swift */,
			);
			path = BloodPressManager;
			sourceTree = "<group>";
		};
		5854099D24E3D32300DFC6D7 /* BloodGlucoseManager */ = {
			isa = PBXGroup;
			children = (
			);
			path = BloodGlucoseManager;
			sourceTree = "<group>";
		};
		5854099E24E3D33000DFC6D7 /* BodyWeightManager */ = {
			isa = PBXGroup;
			children = (
			);
			path = BodyWeightManager;
			sourceTree = "<group>";
		};
		58780BBA2506340E004E22BD /* Products */ = {
			isa = PBXGroup;
			children = (
				58780BBE2506340F004E22BD /* andbp.framework */,
			);
			name = Products;
			sourceTree = "<group>";
		};
		58AF0CB124E51FA60062DB88 /* DataController */ = {
			isa = PBXGroup;
			children = (
				58AF0CB224E51FB50062DB88 /* DataController.swift */,
			);
			path = DataController;
			sourceTree = "<group>";
		};
		58CD2B2324D3ECE600072E2A = {
			isa = PBXGroup;
			children = (
				582981FE24E621D400A53482 /* BloodpressDevice+CoreDataClass.swift */,
				582981FF24E621D400A53482 /* BloodpressDevice+CoreDataProperties.swift */,
				58CD2B4124D3ED8600072E2A /* Dependencies */,
				58CD2B2F24D3ECE600072E2A /* SmartCareCom */,
				58CD2B2E24D3ECE600072E2A /* Products */,
			);
			sourceTree = "<group>";
		};
		58CD2B2E24D3ECE600072E2A /* Products */ = {
			isa = PBXGroup;
			children = (
				58CD2B2D24D3ECE600072E2A /* SmartCareCom.framework */,
			);
			name = Products;
			sourceTree = "<group>";
		};
		58CD2B2F24D3ECE600072E2A /* SmartCareCom */ = {
			isa = PBXGroup;
			children = (
				58AF0CB124E51FA60062DB88 /* DataController */,
				5854099E24E3D33000DFC6D7 /* BodyWeightManager */,
				5854099D24E3D32300DFC6D7 /* BloodGlucoseManager */,
				5854099C24E3D31800DFC6D7 /* BloodPressManager */,
				58CD2B3024D3ECE600072E2A /* SmartCareCom.h */,
				58CD2B3124D3ECE600072E2A /* Info.plist */,
				58B5602224D78C4A006FA022 /* SmartCareCom.swift */,
				5854099924E3A5AF00DFC6D7 /* Class */,
				58AF0CA624E4FE2F0062DB88 /* smartcarecom.xcdatamodeld */,
			);
			path = SmartCareCom;
			sourceTree = "<group>";
		};
		58CD2B4124D3ED8600072E2A /* Dependencies */ = {
			isa = PBXGroup;
			children = (
				58780BB92506340E004E22BD /* andbp.xcodeproj */,
				58CD2B5724D3ED9F00072E2A /* Hubidic.xcodeproj */,
			);
			path = Dependencies;
			sourceTree = "<group>";
		};
		58CD2B5824D3ED9F00072E2A /* Products */ = {
			isa = PBXGroup;
			children = (
				58CD2B5C24D3EDA100072E2A /* Hubidic.framework */,
			);
			name = Products;
			sourceTree = "<group>";
		};
/* End PBXGroup section */

/* Begin PBXHeadersBuildPhase section */
		58CD2B2824D3ECE600072E2A /* Headers */ = {
			isa = PBXHeadersBuildPhase;
			buildActionMask = 2147483647;
			files = (
				58CD2B3224D3ECE600072E2A /* SmartCareCom.h in Headers */,
			);
			runOnlyForDeploymentPostprocessing = 0;
		};
/* End PBXHeadersBuildPhase section */

/* Begin PBXNativeTarget section */
		58CD2B2C24D3ECE600072E2A /* SmartCareCom */ = {
			isa = PBXNativeTarget;
			buildConfigurationList = 58CD2B3524D3ECE600072E2A /* Build configuration list for PBXNativeTarget "SmartCareCom" */;
			buildPhases = (
				58CD2B2824D3ECE600072E2A /* Headers */,
				58CD2B2924D3ECE600072E2A /* Sources */,
				58CD2B2A24D3ECE600072E2A /* Frameworks */,
				58CD2B2B24D3ECE600072E2A /* Resources */,
			);
			buildRules = (
			);
			dependencies = (
				58CD2B5E24D3EDB600072E2A /* PBXTargetDependency */,
			);
			name = SmartCareCom;
			productName = SmartCareCom;
			productReference = 58CD2B2D24D3ECE600072E2A /* SmartCareCom.framework */;
			productType = "com.apple.product-type.framework";
		};
/* End PBXNativeTarget section */

/* Begin PBXProject section */
		58CD2B2424D3ECE600072E2A /* Project object */ = {
			isa = PBXProject;
			attributes = {
				LastUpgradeCheck = 1150;
				ORGANIZATIONNAME = philosys;
				TargetAttributes = {
					58CD2B2C24D3ECE600072E2A = {
						CreatedOnToolsVersion = 11.5;
						LastSwiftMigration = 1150;
					};
				};
			};
			buildConfigurationList = 58CD2B2724D3ECE600072E2A /* Build configuration list for PBXProject "SmartCareCom" */;
			compatibilityVersion = "Xcode 9.3";
			developmentRegion = en;
			hasScannedForEncodings = 0;
			knownRegions = (
				en,
				Base,
			);
			mainGroup = 58CD2B2324D3ECE600072E2A;
			productRefGroup = 58CD2B2E24D3ECE600072E2A /* Products */;
			projectDirPath = "";
			projectReferences = (
				{
					ProductGroup = 58780BBA2506340E004E22BD /* Products */;
					ProjectRef = 58780BB92506340E004E22BD /* andbp.xcodeproj */;
				},
				{
					ProductGroup = 58CD2B5824D3ED9F00072E2A /* Products */;
					ProjectRef = 58CD2B5724D3ED9F00072E2A /* Hubidic.xcodeproj */;
				},
			);
			projectRoot = "";
			targets = (
				58CD2B2C24D3ECE600072E2A /* SmartCareCom */,
			);
		};
/* End PBXProject section */

/* Begin PBXReferenceProxy section */
		58780BBE2506340F004E22BD /* andbp.framework */ = {
			isa = PBXReferenceProxy;
			fileType = wrapper.framework;
			path = andbp.framework;
			remoteRef = 58780BBD2506340F004E22BD /* PBXContainerItemProxy */;
			sourceTree = BUILT_PRODUCTS_DIR;
		};
		58CD2B5C24D3EDA100072E2A /* Hubidic.framework */ = {
			isa = PBXReferenceProxy;
			fileType = wrapper.framework;
			path = Hubidic.framework;
			remoteRef = 58CD2B5B24D3EDA100072E2A /* PBXContainerItemProxy */;
			sourceTree = BUILT_PRODUCTS_DIR;
		};
/* End PBXReferenceProxy section */

/* Begin PBXResourcesBuildPhase section */
		58CD2B2B24D3ECE600072E2A /* Resources */ = {
			isa = PBXResourcesBuildPhase;
			buildActionMask = 2147483647;
			files = (
			);
			runOnlyForDeploymentPostprocessing = 0;
		};
/* End PBXResourcesBuildPhase section */

/* Begin PBXSourcesBuildPhase section */
		58CD2B2924D3ECE600072E2A /* Sources */ = {
			isa = PBXSourcesBuildPhase;
			buildActionMask = 2147483647;
			files = (
				58AF0CB324E51FB50062DB88 /* DataController.swift in Sources */,
				585409A024E3DC2C00DFC6D7 /* BloodPressManager.swift in Sources */,
				5829820024E621D400A53482 /* BloodpressDevice+CoreDataClass.swift in Sources */,
				5854099B24E3A5C000DFC6D7 /* Definition.swift in Sources */,
				58AF0CA824E4FE2F0062DB88 /* smartcarecom.xcdatamodeld in Sources */,
				5829820124E621D400A53482 /* BloodpressDevice+CoreDataProperties.swift in Sources */,
				58B5602324D78C4A006FA022 /* SmartCareCom.swift in Sources */,
			);
			runOnlyForDeploymentPostprocessing = 0;
		};
/* End PBXSourcesBuildPhase section */

/* Begin PBXTargetDependency section */
		58CD2B5E24D3EDB600072E2A /* PBXTargetDependency */ = {
			isa = PBXTargetDependency;
			name = Hubidic;
			targetProxy = 58CD2B5D24D3EDB600072E2A /* PBXContainerItemProxy */;
		};
/* End PBXTargetDependency section */

/* Begin XCBuildConfiguration section */
		58CD2B3324D3ECE600072E2A /* Debug */ = {
			isa = XCBuildConfiguration;
			buildSettings = {
				ALWAYS_SEARCH_USER_PATHS = NO;
				CLANG_ANALYZER_NONNULL = YES;
				CLANG_ANALYZER_NUMBER_OBJECT_CONVERSION = YES_AGGRESSIVE;
				CLANG_CXX_LANGUAGE_STANDARD = "gnu++14";
				CLANG_CXX_LIBRARY = "libc++";
				CLANG_ENABLE_MODULES = YES;
				CLANG_ENABLE_OBJC_ARC = YES;
				CLANG_ENABLE_OBJC_WEAK = YES;
				CLANG_WARN_BLOCK_CAPTURE_AUTORELEASING = YES;
				CLANG_WARN_BOOL_CONVERSION = YES;
				CLANG_WARN_COMMA = YES;
				CLANG_WARN_CONSTANT_CONVERSION = YES;
				CLANG_WARN_DEPRECATED_OBJC_IMPLEMENTATIONS = YES;
				CLANG_WARN_DIRECT_OBJC_ISA_USAGE = YES_ERROR;
				CLANG_WARN_DOCUMENTATION_COMMENTS = YES;
				CLANG_WARN_EMPTY_BODY = YES;
				CLANG_WARN_ENUM_CONVERSION = YES;
				CLANG_WARN_INFINITE_RECURSION = YES;
				CLANG_WARN_INT_CONVERSION = YES;
				CLANG_WARN_NON_LITERAL_NULL_CONVERSION = YES;
				CLANG_WARN_OBJC_IMPLICIT_RETAIN_SELF = YES;
				CLANG_WARN_OBJC_LITERAL_CONVERSION = YES;
				CLANG_WARN_OBJC_ROOT_CLASS = YES_ERROR;
				CLANG_WARN_RANGE_LOOP_ANALYSIS = YES;
				CLANG_WARN_STRICT_PROTOTYPES = YES;
				CLANG_WARN_SUSPICIOUS_MOVE = YES;
				CLANG_WARN_UNGUARDED_AVAILABILITY = YES_AGGRESSIVE;
				CLANG_WARN_UNREACHABLE_CODE = YES;
				CLANG_WARN__DUPLICATE_METHOD_MATCH = YES;
				COPY_PHASE_STRIP = NO;
				CURRENT_PROJECT_VERSION = 1;
				DEBUG_INFORMATION_FORMAT = dwarf;
				ENABLE_STRICT_OBJC_MSGSEND = YES;
				ENABLE_TESTABILITY = YES;
				GCC_C_LANGUAGE_STANDARD = gnu11;
				GCC_DYNAMIC_NO_PIC = NO;
				GCC_NO_COMMON_BLOCKS = YES;
				GCC_OPTIMIZATION_LEVEL = 0;
				GCC_PREPROCESSOR_DEFINITIONS = (
					"DEBUG=1",
					"$(inherited)",
				);
				GCC_WARN_64_TO_32_BIT_CONVERSION = YES;
				GCC_WARN_ABOUT_RETURN_TYPE = YES_ERROR;
				GCC_WARN_UNDECLARED_SELECTOR = YES;
				GCC_WARN_UNINITIALIZED_AUTOS = YES_AGGRESSIVE;
				GCC_WARN_UNUSED_FUNCTION = YES;
				GCC_WARN_UNUSED_VARIABLE = YES;
				IPHONEOS_DEPLOYMENT_TARGET = 11.0;
				MTL_ENABLE_DEBUG_INFO = INCLUDE_SOURCE;
				MTL_FAST_MATH = YES;
				ONLY_ACTIVE_ARCH = YES;
				SDKROOT = iphoneos;
				SWIFT_ACTIVE_COMPILATION_CONDITIONS = DEBUG;
				SWIFT_OPTIMIZATION_LEVEL = "-Onone";
				VERSIONING_SYSTEM = "apple-generic";
				VERSION_INFO_PREFIX = "";
			};
			name = Debug;
		};
		58CD2B3424D3ECE600072E2A /* Release */ = {
			isa = XCBuildConfiguration;
			buildSettings = {
				ALWAYS_SEARCH_USER_PATHS = NO;
				CLANG_ANALYZER_NONNULL = YES;
				CLANG_ANALYZER_NUMBER_OBJECT_CONVERSION = YES_AGGRESSIVE;
				CLANG_CXX_LANGUAGE_STANDARD = "gnu++14";
				CLANG_CXX_LIBRARY = "libc++";
				CLANG_ENABLE_MODULES = YES;
				CLANG_ENABLE_OBJC_ARC = YES;
				CLANG_ENABLE_OBJC_WEAK = YES;
				CLANG_WARN_BLOCK_CAPTURE_AUTORELEASING = YES;
				CLANG_WARN_BOOL_CONVERSION = YES;
				CLANG_WARN_COMMA = YES;
				CLANG_WARN_CONSTANT_CONVERSION = YES;
				CLANG_WARN_DEPRECATED_OBJC_IMPLEMENTATIONS = YES;
				CLANG_WARN_DIRECT_OBJC_ISA_USAGE = YES_ERROR;
				CLANG_WARN_DOCUMENTATION_COMMENTS = YES;
				CLANG_WARN_EMPTY_BODY = YES;
				CLANG_WARN_ENUM_CONVERSION = YES;
				CLANG_WARN_INFINITE_RECURSION = YES;
				CLANG_WARN_INT_CONVERSION = YES;
				CLANG_WARN_NON_LITERAL_NULL_CONVERSION = YES;
				CLANG_WARN_OBJC_IMPLICIT_RETAIN_SELF = YES;
				CLANG_WARN_OBJC_LITERAL_CONVERSION = YES;
				CLANG_WARN_OBJC_ROOT_CLASS = YES_ERROR;
				CLANG_WARN_RANGE_LOOP_ANALYSIS = YES;
				CLANG_WARN_STRICT_PROTOTYPES = YES;
				CLANG_WARN_SUSPICIOUS_MOVE = YES;
				CLANG_WARN_UNGUARDED_AVAILABILITY = YES_AGGRESSIVE;
				CLANG_WARN_UNREACHABLE_CODE = YES;
				CLANG_WARN__DUPLICATE_METHOD_MATCH = YES;
				COPY_PHASE_STRIP = NO;
				CURRENT_PROJECT_VERSION = 1;
				DEBUG_INFORMATION_FORMAT = "dwarf-with-dsym";
				ENABLE_NS_ASSERTIONS = NO;
				ENABLE_STRICT_OBJC_MSGSEND = YES;
				GCC_C_LANGUAGE_STANDARD = gnu11;
				GCC_NO_COMMON_BLOCKS = YES;
				GCC_WARN_64_TO_32_BIT_CONVERSION = YES;
				GCC_WARN_ABOUT_RETURN_TYPE = YES_ERROR;
				GCC_WARN_UNDECLARED_SELECTOR = YES;
				GCC_WARN_UNINITIALIZED_AUTOS = YES_AGGRESSIVE;
				GCC_WARN_UNUSED_FUNCTION = YES;
				GCC_WARN_UNUSED_VARIABLE = YES;
				IPHONEOS_DEPLOYMENT_TARGET = 11.0;
				MTL_ENABLE_DEBUG_INFO = NO;
				MTL_FAST_MATH = YES;
				SDKROOT = iphoneos;
				SWIFT_COMPILATION_MODE = wholemodule;
				SWIFT_OPTIMIZATION_LEVEL = "-O";
				VALIDATE_PRODUCT = YES;
				VERSIONING_SYSTEM = "apple-generic";
				VERSION_INFO_PREFIX = "";
			};
			name = Release;
		};
		58CD2B3624D3ECE600072E2A /* Debug */ = {
			isa = XCBuildConfiguration;
			buildSettings = {
				CLANG_ENABLE_MODULES = YES;
				CODE_SIGN_STYLE = Automatic;
				DEFINES_MODULE = YES;
				DEVELOPMENT_TEAM = 2KZW859V78;
				DYLIB_COMPATIBILITY_VERSION = 1;
				DYLIB_CURRENT_VERSION = 1;
				DYLIB_INSTALL_NAME_BASE = "@rpath";
				INFOPLIST_FILE = SmartCareCom/Info.plist;
				INSTALL_PATH = "$(LOCAL_LIBRARY_DIR)/Frameworks";
				LD_RUNPATH_SEARCH_PATHS = (
					"$(inherited)",
					"@executable_path/Frameworks",
					"@loader_path/Frameworks",
				);
				PRODUCT_BUNDLE_IDENTIFIER = com.gmate.framework.SmartCareCom;
				PRODUCT_NAME = "$(TARGET_NAME:c99extidentifier)";
				SKIP_INSTALL = YES;
				SUPPORTS_MACCATALYST = NO;
				SWIFT_OPTIMIZATION_LEVEL = "-Onone";
				SWIFT_VERSION = 5.0;
				TARGETED_DEVICE_FAMILY = "1,2";
			};
			name = Debug;
		};
		58CD2B3724D3ECE600072E2A /* Release */ = {
			isa = XCBuildConfiguration;
			buildSettings = {
				CLANG_ENABLE_MODULES = YES;
				CODE_SIGN_IDENTITY = "Apple Development";
				CODE_SIGN_STYLE = Manual;
				DEFINES_MODULE = YES;
				DEVELOPMENT_TEAM = 2KZW859V78;
				DYLIB_COMPATIBILITY_VERSION = 1;
				DYLIB_CURRENT_VERSION = 1;
				DYLIB_INSTALL_NAME_BASE = "@rpath";
				INFOPLIST_FILE = SmartCareCom/Info.plist;
				INSTALL_PATH = "$(LOCAL_LIBRARY_DIR)/Frameworks";
				LD_RUNPATH_SEARCH_PATHS = (
					"$(inherited)",
					"@executable_path/Frameworks",
					"@loader_path/Frameworks",
				);
				PRODUCT_BUNDLE_IDENTIFIER = com.gmate.framework.SmartCareCom;
				PRODUCT_NAME = "$(TARGET_NAME:c99extidentifier)";
				PROVISIONING_PROFILE_SPECIFIER = "";
				SKIP_INSTALL = YES;
				SUPPORTS_MACCATALYST = NO;
				SWIFT_VERSION = 5.0;
				TARGETED_DEVICE_FAMILY = "1,2";
			};
			name = Release;
		};
/* End XCBuildConfiguration section */

/* Begin XCConfigurationList section */
		58CD2B2724D3ECE600072E2A /* Build configuration list for PBXProject "SmartCareCom" */ = {
			isa = XCConfigurationList;
			buildConfigurations = (
				58CD2B3324D3ECE600072E2A /* Debug */,
				58CD2B3424D3ECE600072E2A /* Release */,
			);
			defaultConfigurationIsVisible = 0;
			defaultConfigurationName = Release;
		};
		58CD2B3524D3ECE600072E2A /* Build configuration list for PBXNativeTarget "SmartCareCom" */ = {
			isa = XCConfigurationList;
			buildConfigurations = (
				58CD2B3624D3ECE600072E2A /* Debug */,
				58CD2B3724D3ECE600072E2A /* Release */,
			);
			defaultConfigurationIsVisible = 0;
			defaultConfigurationName = Release;
		};
/* End XCConfigurationList section */

/* Begin XCVersionGroup section */
		58AF0CA624E4FE2F0062DB88 /* smartcarecom.xcdatamodeld */ = {
			isa = XCVersionGroup;
			children = (
				58AF0CA724E4FE2F0062DB88 /* bloodpressDevice.xcdatamodel */,
			);
			currentVersion = 58AF0CA724E4FE2F0062DB88 /* bloodpressDevice.xcdatamodel */;
			path = smartcarecom.xcdatamodeld;
			sourceTree = "<group>";
			versionGroupType = wrapper.xcdatamodel;
		};
/* End XCVersionGroup section */
	};
	rootObject = 58CD2B2424D3ECE600072E2A /* Project object */;
}
